
Microsoft Visual Studio Solution File, Format Version 12.00
# Visual Studio Version 17
VisualStudioVersion = 17.3.32922.545
MinimumVisualStudioVersion = 10.0.40219.1
Project("{FAE04EC0-301F-11D3-BF4B-00C04F79EFBC}") = "ChattR", "ChattR.csproj", "{D888BAF9-4764-4F4C-9F90-33BF6F19ED16}"
EndProject
Global
	GlobalSection(SolutionConfigurationPlatforms) = preSolution
		Debug|Any CPU = Debug|Any CPU
		Release|Any CPU = Release|Any CPU
	EndGlobalSection
	GlobalSection(ProjectConfigurationPlatforms) = postSolution
		{D888BAF9-4764-4F4C-9F90-33BF6F19ED16}.Debug|Any CPU.ActiveCfg = Debug|Any CPU
		{D888BAF9-4764-4F4C-9F90-33BF6F19ED16}.Debug|Any CPU.Build.0 = Debug|Any CPU
		{D888BAF9-4764-4F4C-9F90-33BF6F19ED16}.Release|Any CPU.ActiveCfg = Release|Any CPU
		{D888BAF9-4764-4F4C-9F90-33BF6F19ED16}.Release|Any CPU.Build.0 = Release|Any CPU
	EndGlobalSection
	GlobalSection(SolutionProperties) = preSolution
		HideSolutionNode = FALSE
	EndGlobalSection
	GlobalSection(ExtensibilityGlobals) = postSolution
		SolutionGuid = {CB83C813-B535-4AA8-A34E-12448A8F9C3C}
	EndGlobalSection
EndGlobal
